// !$*UTF8*$!
{
	archiveVersion = 1;
	classes = {
	};
	objectVersion = 77;
	objects = {

/* Begin PBXBuildFile section */
		858F77332FC88F3100517186 /* SettingsView.swift in Resources */ = {isa = PBXBuildFile; fileRef = II002222FC76A190054E80E /* SettingsView.swift */; };
		858F77382FC8934500517186 /* MeetingRobotApp.swift in Sources */ = {isa = PBXBuildFile; fileRef = BB001112FC76A190054E80E /* MeetingRobotApp.swift */; };
		858F77392FC8934500517186 /* ContentView.swift in Sources */ = {isa = PBXBuildFile; fileRef = BB002222FC76A190054E80E /* ContentView.swift */; };
		858F773A2FC8934500517186 /* DesignSystem.swift in Sources */ = {isa = PBXBuildFile; fileRef = BB003332FC76A190054E80E /* DesignSystem.swift */; };
		858F773B2FC8934500517186 /* Theme.swift in Sources */ = {isa = PBXBuildFile; fileRef = BB004442FC76A190054E80E /* Theme.swift */; };
		858F773C2FC8934500517186 /* RobotAnimationView.swift in Sources */ = {isa = PBXBuildFile; fileRef = BB005552FC76A190054E80E /* RobotAnimationView.swift */; };
		858F773D2FC8934500517186 /* OnboardingView.swift in Sources */ = {isa = PBXBuildFile; fileRef = BB006662FC76A190054E80E /* OnboardingView.swift */; };
		858F773E2FC8934500517186 /* ConfirmationView.swift in Sources */ = {isa = PBXBuildFile; fileRef = BB007772FC76A190054E80E /* ConfirmationView.swift */; };
		858F773F2FC8934500517186 /* FluidGradientBackground.swift in Sources */ = {isa = PBXBuildFile; fileRef = DD002222FC76A190054E80E /* FluidGradientBackground.swift */; };
		858F77402FC8934500517186 /* CalendarManager.swift in Sources */ = {isa = PBXBuildFile; fileRef = FF002222FC76A190054E80E /* CalendarManager.swift */; };
		858F77412FC8934500517186 /* MenuBarView.swift in Sources */ = {isa = PBXBuildFile; fileRef = GG002222FC76A190054E80E /* MenuBarView.swift */; };
		858F77422FC8934500517186 /* DashboardView.swift in Sources */ = {isa = PBXBuildFile; fileRef = HH002222FC76A190054E80E /* DashboardView.swift */; };
		858F77432FC8934500517186 /* SettingsView.swift in Sources */ = {isa = PBXBuildFile; fileRef = II002222FC76A190054E80E /* SettingsView.swift */; };
		858F77452FC8934500517186 /* Lottie in Frameworks */ = {isa = PBXBuildFile; productRef = 858F77352FC8934500517186 /* Lottie */; };
		858F77472FC8934500517186 /* robot.json in Resources */ = {isa = PBXBuildFile; fileRef = BB008882FC76A190054E80E /* robot.json */; };
		OO001112FC76A190054E80E /* celebrate.json in Resources */ = {isa = PBXBuildFile; fileRef = NN002222FC76A190054E80E /* celebrate.json */; };
		858F77482FC8934500517186 /* SettingsView.swift in Resources */ = {isa = PBXBuildFile; fileRef = II002222FC76A190054E80E /* SettingsView.swift */; };
		858F77492FC8934500517186 /* robot-bg.mp4 in Resources */ = {isa = PBXBuildFile; fileRef = EE001112FC76A190054E80E /* robot-bg.mp4 */; };
		858F774A2FC8934500517186 /* Assets.xcassets in Resources */ = {isa = PBXBuildFile; fileRef = BB009992FC76A190054E80E /* Assets.xcassets */; };
		AA0003332FC76A190054E80E /* Lottie in Frameworks */ = {isa = PBXBuildFile; productRef = AA0002222FC76A190054E80E /* Lottie */; };
		CC001112FC76A190054E80E /* MeetingRobotApp.swift in Sources */ = {isa = PBXBuildFile; fileRef = BB001112FC76A190054E80E /* MeetingRobotApp.swift */; };
		CC002222FC76A190054E80E /* ContentView.swift in Sources */ = {isa = PBXBuildFile; fileRef = BB002222FC76A190054E80E /* ContentView.swift */; };
		CC003332FC76A190054E80E /* DesignSystem.swift in Sources */ = {isa = PBXBuildFile; fileRef = BB003332FC76A190054E80E /* DesignSystem.swift */; };
		CC004442FC76A190054E80E /* Theme.swift in Sources */ = {isa = PBXBuildFile; fileRef = BB004442FC76A190054E80E /* Theme.swift */; };
		CC005552FC76A190054E80E /* RobotAnimationView.swift in Sources */ = {isa = PBXBuildFile; fileRef = BB005552FC76A190054E80E /* RobotAnimationView.swift */; };
		CC006662FC76A190054E80E /* OnboardingView.swift in Sources */ = {isa = PBXBuildFile; fileRef = BB006662FC76A190054E80E /* OnboardingView.swift */; };
		CC007772FC76A190054E80E /* ConfirmationView.swift in Sources */ = {isa = PBXBuildFile; fileRef = BB007772FC76A190054E80E /* ConfirmationView.swift */; };
		CC008882FC76A190054E80E /* robot.json in Resources */ = {isa = PBXBuildFile; fileRef = BB008882FC76A190054E80E /* robot.json */; };
		NN001112FC76A190054E80E /* celebrate.json in Resources */ = {isa = PBXBuildFile; fileRef = NN002222FC76A190054E80E /* celebrate.json */; };
		CC009992FC76A190054E80E /* Assets.xcassets in Resources */ = {isa = PBXBuildFile; fileRef = BB009992FC76A190054E80E /* Assets.xcassets */; };
		DD001112FC76A190054E80E /* FluidGradientBackground.swift in Sources */ = {isa = PBXBuildFile; fileRef = DD002222FC76A190054E80E /* FluidGradientBackground.swift */; };
		EE002222FC76A190054E80E /* robot-bg.mp4 in Resources */ = {isa = PBXBuildFile; fileRef = EE001112FC76A190054E80E /* robot-bg.mp4 */; };
		FF001112FC76A190054E80E /* CalendarManager.swift in Sources */ = {isa = PBXBuildFile; fileRef = FF002222FC76A190054E80E /* CalendarManager.swift */; };
		GG001112FC76A190054E80E /* MenuBarView.swift in Sources */ = {isa = PBXBuildFile; fileRef = GG002222FC76A190054E80E /* MenuBarView.swift */; };
		HH001112FC76A190054E80E /* DashboardView.swift in Sources */ = {isa = PBXBuildFile; fileRef = HH002222FC76A190054E80E /* DashboardView.swift */; };
		II001112FC76A190054E80E /* SettingsView.swift in Sources */ = {isa = PBXBuildFile; fileRef = II002222FC76A190054E80E /* SettingsView.swift */; };
		JJ001112FC76A190054E80E /* OverlayWindowController.swift in Sources */ = {isa = PBXBuildFile; fileRef = JJ002222FC76A190054E80E /* OverlayWindowController.swift */; };
		KK001112FC76A190054E80E /* OverlayView.swift in Sources */ = {isa = PBXBuildFile; fileRef = KK002222FC76A190054E80E /* OverlayView.swift */; };
		LL001112FC76A190054E80E /* cursor-animation.json in Resources */ = {isa = PBXBuildFile; fileRef = LL002222FC76A190054E80E /* cursor-animation.json */; };
		MM001112FC76A190054E80E /* cursor-animation.json in Resources */ = {isa = PBXBuildFile; fileRef = LL002222FC76A190054E80E /* cursor-animation.json */; };
/* End PBXBuildFile section */

/* Begin PBXFileReference section */
		85679F892FC76A190054E80E /* MeetingRobot.app */ = {isa = PBXFileReference; explicitFileType = wrapper.application; includeInIndex = 0; path = MeetingRobot.app; sourceTree = BUILT_PRODUCTS_DIR; };
		858F774E2FC8934500517186 /* MeetingRobot copy.app */ = {isa = PBXFileReference; explicitFileType = wrapper.application; includeInIndex = 0; path = "MeetingRobot copy.app"; sourceTree = BUILT_PRODUCTS_DIR; };
		BB001112FC76A190054E80E /* MeetingRobotApp.swift */ = {isa = PBXFileReference; lastKnownFileType = sourcecode.swift; path = MeetingRobotApp.swift; sourceTree = "<group>"; };
		BB002222FC76A190054E80E /* ContentView.swift */ = {isa = PBXFileReference; lastKnownFileType = sourcecode.swift; path = ContentView.swift; sourceTree = "<group>"; };
		BB003332FC76A190054E80E /* DesignSystem.swift */ = {isa = PBXFileReference; lastKnownFileType = sourcecode.swift; path = DesignSystem.swift; sourceTree = "<group>"; };
		BB004442FC76A190054E80E /* Theme.swift */ = {isa = PBXFileReference; lastKnownFileType = sourcecode.swift; path = Theme.swift; sourceTree = "<group>"; };
		BB005552FC76A190054E80E /* RobotAnimationView.swift */ = {isa = PBXFileReference; lastKnownFileType = sourcecode.swift; path = RobotAnimationView.swift; sourceTree = "<group>"; };
		BB006662FC76A190054E80E /* OnboardingView.swift */ = {isa = PBXFileReference; lastKnownFileType = sourcecode.swift; path = OnboardingView.swift; sourceTree = "<group>"; };
		BB007772FC76A190054E80E /* ConfirmationView.swift */ = {isa = PBXFileReference; lastKnownFileType = sourcecode.swift; path = ConfirmationView.swift; sourceTree = "<group>"; };
		BB008882FC76A190054E80E /* robot.json */ = {isa = PBXFileReference; lastKnownFileType = text.json; path = robot.json; sourceTree = "<group>"; };
		NN002222FC76A190054E80E /* celebrate.json */ = {isa = PBXFileReference; lastKnownFileType = text.json; path = celebrate.json; sourceTree = "<group>"; };
		LL002222FC76A190054E80E /* cursor-animation.json */ = {isa = PBXFileReference; lastKnownFileType = text.json; path = "cursor-animation.json"; sourceTree = "<group>"; };
		BB009992FC76A190054E80E /* Assets.xcassets */ = {isa = PBXFileReference; lastKnownFileType = folder.assetcatalog; path = Assets.xcassets; sourceTree = "<group>"; };
		BB00AAA2FC76A190054E80E /* MeetingRobot.entitlements */ = {isa = PBXFileReference; lastKnownFileType = text.plist.entitlements; path = MeetingRobot.entitlements; sourceTree = "<group>"; };
		DD002222FC76A190054E80E /* FluidGradientBackground.swift */ = {isa = PBXFileReference; lastKnownFileType = sourcecode.swift; path = FluidGradientBackground.swift; sourceTree = "<group>"; };
		EE001112FC76A190054E80E /* robot-bg.mp4 */ = {isa = PBXFileReference; lastKnownFileType = file; path = "robot-bg.mp4"; sourceTree = "<group>"; };
		FF002222FC76A190054E80E /* CalendarManager.swift */ = {isa = PBXFileReference; lastKnownFileType = sourcecode.swift; path = CalendarManager.swift; sourceTree = "<group>"; };
		GG002222FC76A190054E80E /* MenuBarView.swift */ = {isa = PBXFileReference; lastKnownFileType = sourcecode.swift; path = MenuBarView.swift; sourceTree = "<group>"; };
		HH002222FC76A190054E80E /* DashboardView.swift */ = {isa = PBXFileReference; lastKnownFileType = sourcecode.swift; path = DashboardView.swift; sourceTree = "<group>"; };
		II002222FC76A190054E80E /* SettingsView.swift */ = {isa = PBXFileReference; lastKnownFileType = sourcecode.swift; path = SettingsView.swift; sourceTree = "<group>"; };
		JJ002222FC76A190054E80E /* OverlayWindowController.swift */ = {isa = PBXFileReference; lastKnownFileType = sourcecode.swift; path = OverlayWindowController.swift; sourceTree = "<group>"; };
		KK002222FC76A190054E80E /* OverlayView.swift */ = {isa = PBXFileReference; lastKnownFileType = sourcecode.swift; path = OverlayView.swift; sourceTree = "<group>"; };
/* End PBXFileReference section */

/* Begin PBXFrameworksBuildPhase section */
		85679F862FC76A190054E80E /* Frameworks */ = {
			isa = PBXFrameworksBuildPhase;
			buildActionMask = 2147483647;
			files = (
				AA0003332FC76A190054E80E /* Lottie in Frameworks */,
			);
			runOnlyForDeploymentPostprocessing = 0;
		};
		858F77442FC8934500517186 /* Frameworks */ = {
			isa = PBXFrameworksBuildPhase;
			buildActionMask = 2147483647;
			files = (
				858F77452FC8934500517186 /* Lottie in Frameworks */,
			);
			runOnlyForDeploymentPostprocessing = 0;
		};
/* End PBXFrameworksBuildPhase section */

/* Begin PBXGroup section */
		85679F802FC76A190054E80E = {
			isa = PBXGroup;
			children = (
				85679F8B2FC76A190054E80E /* MeetingRobot */,
				85679F8A2FC76A190054E80E /* Products */,
			);
			sourceTree = "<group>";
		};
		85679F8A2FC76A190054E80E /* Products */ = {
			isa = PBXGroup;
			children = (
				85679F892FC76A190054E80E /* MeetingRobot.app */,
				858F774E2FC8934500517186 /* MeetingRobot copy.app */,
			);
			name = Products;
			sourceTree = "<group>";
		};
		85679F8B2FC76A190054E80E /* MeetingRobot */ = {
			isa = PBXGroup;
			children = (
				BB001112FC76A190054E80E /* MeetingRobotApp.swift */,
				BB002222FC76A190054E80E /* ContentView.swift */,
				BB003332FC76A190054E80E /* DesignSystem.swift */,
				BB004442FC76A190054E80E /* Theme.swift */,
				BB005552FC76A190054E80E /* RobotAnimationView.swift */,
				BB006662FC76A190054E80E /* OnboardingView.swift */,
				BB007772FC76A190054E80E /* ConfirmationView.swift */,
				DD002222FC76A190054E80E /* FluidGradientBackground.swift */,
				BB008882FC76A190054E80E /* robot.json */,
				NN002222FC76A190054E80E /* celebrate.json */,
				LL002222FC76A190054E80E /* cursor-animation.json */,
				EE001112FC76A190054E80E /* robot-bg.mp4 */,
				FF002222FC76A190054E80E /* CalendarManager.swift */,
				GG002222FC76A190054E80E /* MenuBarView.swift */,
				HH002222FC76A190054E80E /* DashboardView.swift */,
				II002222FC76A190054E80E /* SettingsView.swift */,
				JJ002222FC76A190054E80E /* OverlayWindowController.swift */,
				KK002222FC76A190054E80E /* OverlayView.swift */,
				BB009992FC76A190054E80E /* Assets.xcassets */,
				BB00AAA2FC76A190054E80E /* MeetingRobot.entitlements */,
			);
			path = MeetingRobot;
			sourceTree = "<group>";
		};
/* End PBXGroup section */

/* Begin PBXNativeTarget section */
		85679F882FC76A190054E80E /* MeetingRobot */ = {
			isa = PBXNativeTarget;
			buildConfigurationList = 85679F942FC76A1B0054E80E /* Build configuration list for PBXNativeTarget "MeetingRobot" */;
			buildPhases = (
				85679F852FC76A190054E80E /* Sources */,
				85679F862FC76A190054E80E /* Frameworks */,
				85679F872FC76A190054E80E /* Resources */,
			);
			buildRules = (
			);
			dependencies = (
			);
			name = MeetingRobot;
			packageProductDependencies = (
				AA0002222FC76A190054E80E /* Lottie */,
			);
			productName = MeetingRobot;
			productReference = 85679F892FC76A190054E80E /* MeetingRobot.app */;
			productType = "com.apple.product-type.application";
		};
		858F77342FC8934500517186 /* MeetingRobot copy */ = {
			isa = PBXNativeTarget;
			buildConfigurationList = 858F774B2FC8934500517186 /* Build configuration list for PBXNativeTarget "MeetingRobot copy" */;
			buildPhases = (
				858F77372FC8934500517186 /* Sources */,
				858F77442FC8934500517186 /* Frameworks */,
				858F77462FC8934500517186 /* Resources */,
			);
			buildRules = (
			);
			dependencies = (
			);
			name = "MeetingRobot copy";
			packageProductDependencies = (
				858F77352FC8934500517186 /* Lottie */,
			);
			productName = MeetingRobot;
			productReference = 858F774E2FC8934500517186 /* MeetingRobot copy.app */;
			productType = "com.apple.product-type.application";
		};
/* End PBXNativeTarget section */

/* Begin PBXProject section */
		85679F812FC76A190054E80E /* Project object */ = {
			isa = PBXProject;
			attributes = {
				BuildIndependentTargetsInParallel = 1;
				LastSwiftUpdateCheck = 2650;
				LastUpgradeCheck = 2650;
				TargetAttributes = {
					85679F882FC76A190054E80E = {
						CreatedOnToolsVersion = 26.5;
					};
				};
			};
			buildConfigurationList = 85679F842FC76A190054E80E /* Build configuration list for PBXProject "MeetingRobot" */;
			developmentRegion = en;
			hasScannedForEncodings = 0;
			knownRegions = (
				en,
				Base,
			);
			mainGroup = 85679F802FC76A190054E80E;
			minimizedProjectReferenceProxies = 1;
			packageReferences = (
				AA0001112FC76A190054E80E /* XCRemoteSwiftPackageReference "lottie-spm" */,
			);
			preferredProjectObjectVersion = 77;
			productRefGroup = 85679F8A2FC76A190054E80E /* Products */;
			projectDirPath = "";
			projectRoot = "";
			targets = (
				85679F882FC76A190054E80E /* MeetingRobot */,
				858F77342FC8934500517186 /* MeetingRobot copy */,
			);
		};
/* End PBXProject section */

/* Begin PBXResourcesBuildPhase section */
		85679F872FC76A190054E80E /* Resources */ = {
			isa = PBXResourcesBuildPhase;
			buildActionMask = 2147483647;
			files = (
				CC008882FC76A190054E80E /* robot.json in Resources */,
				NN001112FC76A190054E80E /* celebrate.json in Resources */,
				LL001112FC76A190054E80E /* cursor-animation.json in Resources */,
				858F77332FC88F3100517186 /* SettingsView.swift in Resources */,
				EE002222FC76A190054E80E /* robot-bg.mp4 in Resources */,
				CC009992FC76A190054E80E /* Assets.xcassets in Resources */,
			);
			runOnlyForDeploymentPostprocessing = 0;
		};
		858F77462FC8934500517186 /* Resources */ = {
			isa = PBXResourcesBuildPhase;
			buildActionMask = 2147483647;
			files = (
				858F77472FC8934500517186 /* robot.json in Resources */,
				OO001112FC76A190054E80E /* celebrate.json in Resources */,
				MM001112FC76A190054E80E /* cursor-animation.json in Resources */,
				858F77482FC8934500517186 /* SettingsView.swift in Resources */,
				858F77492FC8934500517186 /* robot-bg.mp4 in Resources */,
				858F774A2FC8934500517186 /* Assets.xcassets in Resources */,
			);
			runOnlyForDeploymentPostprocessing = 0;
		};
/* End PBXResourcesBuildPhase section */

/* Begin PBXSourcesBuildPhase section */
		85679F852FC76A190054E80E /* Sources */ = {
			isa = PBXSourcesBuildPhase;
			buildActionMask = 2147483647;
			files = (
				CC001112FC76A190054E80E /* MeetingRobotApp.swift in Sources */,
				CC002222FC76A190054E80E /* ContentView.swift in Sources */,
				CC003332FC76A190054E80E /* DesignSystem.swift in Sources */,
				CC004442FC76A190054E80E /* Theme.swift in Sources */,
				CC005552FC76A190054E80E /* RobotAnimationView.swift in Sources */,
				CC006662FC76A190054E80E /* OnboardingView.swift in Sources */,
				CC007772FC76A190054E80E /* ConfirmationView.swift in Sources */,
				DD001112FC76A190054E80E /* FluidGradientBackground.swift in Sources */,
				FF001112FC76A190054E80E /* CalendarManager.swift in Sources */,
				GG001112FC76A190054E80E /* MenuBarView.swift in Sources */,
				HH001112FC76A190054E80E /* DashboardView.swift in Sources */,
				II001112FC76A190054E80E /* SettingsView.swift in Sources */,
				JJ001112FC76A190054E80E /* OverlayWindowController.swift in Sources */,
				KK001112FC76A190054E80E /* OverlayView.swift in Sources */,
			);
			runOnlyForDeploymentPostprocessing = 0;
		};
		858F77372FC8934500517186 /* Sources */ = {
			isa = PBXSourcesBuildPhase;
			buildActionMask = 2147483647;
			files = (
				858F77382FC8934500517186 /* MeetingRobotApp.swift in Sources */,
				858F77392FC8934500517186 /* ContentView.swift in Sources */,
				858F773A2FC8934500517186 /* DesignSystem.swift in Sources */,
				858F773B2FC8934500517186 /* Theme.swift in Sources */,
				858F773C2FC8934500517186 /* RobotAnimationView.swift in Sources */,
				858F773D2FC8934500517186 /* OnboardingView.swift in Sources */,
				858F773E2FC8934500517186 /* ConfirmationView.swift in Sources */,
				858F773F2FC8934500517186 /* FluidGradientBackground.swift in Sources */,
				858F77402FC8934500517186 /* CalendarManager.swift in Sources */,
				858F77412FC8934500517186 /* MenuBarView.swift in Sources */,
				858F77422FC8934500517186 /* DashboardView.swift in Sources */,
				858F77432FC8934500517186 /* SettingsView.swift in Sources */,
			);
			runOnlyForDeploymentPostprocessing = 0;
		};
/* End PBXSourcesBuildPhase section */

/* Begin XCBuildConfiguration section */
		85679F922FC76A1B0054E80E /* Debug */ = {
			isa = XCBuildConfiguration;
			buildSettings = {
				ALWAYS_SEARCH_USER_PATHS = NO;
				ASSETCATALOG_COMPILER_GENERATE_SWIFT_ASSET_SYMBOL_EXTENSIONS = YES;
				CLANG_ANALYZER_NONNULL = YES;
				CLANG_ANALYZER_NUMBER_OBJECT_CONVERSION = YES_AGGRESSIVE;
				CLANG_CXX_LANGUAGE_STANDARD = "gnu++20";
				CLANG_ENABLE_MODULES = YES;
				CLANG_ENABLE_OBJC_ARC = YES;
				CLANG_ENABLE_OBJC_WEAK = YES;
				CLANG_WARN_BLOCK_CAPTURE_AUTORELEASING = YES;
				CLANG_WARN_BOOL_CONVERSION = YES;
				CLANG_WARN_COMMA = YES;
				CLANG_WARN_CONSTANT_CONVERSION = YES;
				CLANG_WARN_DEPRECATED_OBJC_IMPLEMENTATIONS = YES;
				CLANG_WARN_DIRECT_OBJC_ISA_USAGE = YES_ERROR;
				CLANG_WARN_DOCUMENTATION_COMMENTS = YES;
				CLANG_WARN_EMPTY_BODY = YES;
				CLANG_WARN_ENUM_CONVERSION = YES;
				CLANG_WARN_INFINITE_RECURSION = YES;
				CLANG_WARN_INT_CONVERSION = YES;
				CLANG_WARN_NON_LITERAL_NULL_CONVERSION = YES;
				CLANG_WARN_OBJC_IMPLICIT_RETAIN_SELF = YES;
				CLANG_WARN_OBJC_LITERAL_CONVERSION = YES;
				CLANG_WARN_OBJC_ROOT_CLASS = YES_ERROR;
				CLANG_WARN_QUOTED_INCLUDE_IN_FRAMEWORK_HEADER = YES;
				CLANG_WARN_RANGE_LOOP_ANALYSIS = YES;
				CLANG_WARN_STRICT_PROTOTYPES = YES;
				CLANG_WARN_SUSPICIOUS_MOVE = YES;
				CLANG_WARN_UNGUARDED_AVAILABILITY = YES_AGGRESSIVE;
				CLANG_WARN_UNREACHABLE_CODE = YES;
				CLANG_WARN__DUPLICATE_METHOD_MATCH = YES;
				COPY_PHASE_STRIP = NO;
				DEBUG_INFORMATION_FORMAT = dwarf;
				ENABLE_STRICT_OBJC_MSGSEND = YES;
				ENABLE_TESTABILITY = YES;
				ENABLE_USER_SCRIPT_SANDBOXING = YES;
				GCC_C_LANGUAGE_STANDARD = gnu17;
				GCC_DYNAMIC_NO_PIC = NO;
				GCC_NO_COMMON_BLOCKS = YES;
				GCC_OPTIMIZATION_LEVEL = 0;
				GCC_PREPROCESSOR_DEFINITIONS = (
					"DEBUG=1",
					"$(inherited)",
				);
				GCC_WARN_64_TO_32_BIT_CONVERSION = YES;
				GCC_WARN_ABOUT_RETURN_TYPE = YES_ERROR;
				GCC_WARN_UNDECLARED_SELECTOR = YES;
				GCC_WARN_UNINITIALIZED_AUTOS = YES_AGGRESSIVE;
				GCC_WARN_UNUSED_FUNCTION = YES;
				GCC_WARN_UNUSED_VARIABLE = YES;
				LOCALIZATION_PREFERS_STRING_CATALOGS = YES;
				MACOSX_DEPLOYMENT_TARGET = 26.5;
				MTL_ENABLE_DEBUG_INFO = INCLUDE_SOURCE;
				MTL_FAST_MATH = YES;
				ONLY_ACTIVE_ARCH = YES;
				SDKROOT = macosx;
				SWIFT_ACTIVE_COMPILATION_CONDITIONS = "DEBUG $(inherited)";
				SWIFT_OPTIMIZATION_LEVEL = "-Onone";
			};
			name = Debug;
		};
		85679F932FC76A1B0054E80E /* Release */ = {
			isa = XCBuildConfiguration;
			buildSettings = {
				ALWAYS_SEARCH_USER_PATHS = NO;
				ASSETCATALOG_COMPILER_GENERATE_SWIFT_ASSET_SYMBOL_EXTENSIONS = YES;
				CLANG_ANALYZER_NONNULL = YES;
				CLANG_ANALYZER_NUMBER_OBJECT_CONVERSION = YES_AGGRESSIVE;
				CLANG_CXX_LANGUAGE_STANDARD = "gnu++20";
				CLANG_ENABLE_MODULES = YES;
				CLANG_ENABLE_OBJC_ARC = YES;
				CLANG_ENABLE_OBJC_WEAK = YES;
				CLANG_WARN_BLOCK_CAPTURE_AUTORELEASING = YES;
				CLANG_WARN_BOOL_CONVERSION = YES;
				CLANG_WARN_COMMA = YES;
				CLANG_WARN_CONSTANT_CONVERSION = YES;
				CLANG_WARN_DEPRECATED_OBJC_IMPLEMENTATIONS = YES;
				CLANG_WARN_DIRECT_OBJC_ISA_USAGE = YES_ERROR;
				CLANG_WARN_DOCUMENTATION_COMMENTS = YES;
				CLANG_WARN_EMPTY_BODY = YES;
				CLANG_WARN_ENUM_CONVERSION = YES;
				CLANG_WARN_INFINITE_RECURSION = YES;
				CLANG_WARN_INT_CONVERSION = YES;
				CLANG_WARN_NON_LITERAL_NULL_CONVERSION = YES;
				CLANG_WARN_OBJC_IMPLICIT_RETAIN_SELF = YES;
				CLANG_WARN_OBJC_LITERAL_CONVERSION = YES;
				CLANG_WARN_OBJC_ROOT_CLASS = YES_ERROR;
				CLANG_WARN_QUOTED_INCLUDE_IN_FRAMEWORK_HEADER = YES;
				CLANG_WARN_RANGE_LOOP_ANALYSIS = YES;
				CLANG_WARN_STRICT_PROTOTYPES = YES;
				CLANG_WARN_SUSPICIOUS_MOVE = YES;
				CLANG_WARN_UNGUARDED_AVAILABILITY = YES_AGGRESSIVE;
				CLANG_WARN_UNREACHABLE_CODE = YES;
				CLANG_WARN__DUPLICATE_METHOD_MATCH = YES;
				COPY_PHASE_STRIP = NO;
				DEBUG_INFORMATION_FORMAT = "dwarf-with-dsym";
				ENABLE_NS_ASSERTIONS = NO;
				ENABLE_STRICT_OBJC_MSGSEND = YES;
				ENABLE_USER_SCRIPT_SANDBOXING = YES;
				GCC_C_LANGUAGE_STANDARD = gnu17;
				GCC_NO_COMMON_BLOCKS = YES;
				GCC_WARN_64_TO_32_BIT_CONVERSION = YES;
				GCC_WARN_ABOUT_RETURN_TYPE = YES_ERROR;
				GCC_WARN_UNDECLARED_SELECTOR = YES;
				GCC_WARN_UNINITIALIZED_AUTOS = YES_AGGRESSIVE;
				GCC_WARN_UNUSED_FUNCTION = YES;
				GCC_WARN_UNUSED_VARIABLE = YES;
				LOCALIZATION_PREFERS_STRING_CATALOGS = YES;
				MACOSX_DEPLOYMENT_TARGET = 26.5;
				MTL_ENABLE_DEBUG_INFO = NO;
				MTL_FAST_MATH = YES;
				SDKROOT = macosx;
				SWIFT_COMPILATION_MODE = wholemodule;
			};
			name = Release;
		};
		85679F952FC76A1B0054E80E /* Debug */ = {
			isa = XCBuildConfiguration;
			buildSettings = {
				ASSETCATALOG_COMPILER_APPICON_NAME = AppIcon;
				ASSETCATALOG_COMPILER_GLOBAL_ACCENT_COLOR_NAME = AccentColor;
				CODE_SIGN_ENTITLEMENTS = MeetingRobot/MeetingRobot.entitlements;
				CODE_SIGN_STYLE = Automatic;
				COMBINE_HIDPI_IMAGES = YES;
				CURRENT_PROJECT_VERSION = 1;
				ENABLE_APP_SANDBOX = NO;
				ENABLE_PREVIEWS = YES;
				ENABLE_USER_SELECTED_FILES = readonly;
				GENERATE_INFOPLIST_FILE = YES;
				INFOPLIST_KEY_NSCalendarsUsageDescription = "MeetingRobot needs calendar access to alert you before meetings.";
				INFOPLIST_KEY_NSHumanReadableCopyright = "";
				LD_RUNPATH_SEARCH_PATHS = (
					"$(inherited)",
					"@executable_path/../Frameworks",
				);
				MARKETING_VERSION = 1.0;
				PRODUCT_BUNDLE_IDENTIFIER = com.pk.MeetingRobot;
				PRODUCT_NAME = "$(TARGET_NAME)";
				REGISTER_APP_GROUPS = YES;
				STRING_CATALOG_GENERATE_SYMBOLS = YES;
				SWIFT_APPROACHABLE_CONCURRENCY = YES;
				SWIFT_DEFAULT_ACTOR_ISOLATION = MainActor;
				SWIFT_EMIT_LOC_STRINGS = YES;
				SWIFT_UPCOMING_FEATURE_MEMBER_IMPORT_VISIBILITY = YES;
				SWIFT_VERSION = 5.0;
			};
			name = Debug;
		};
		85679F962FC76A1B0054E80E /* Release */ = {
			isa = XCBuildConfiguration;
			buildSettings = {
				ASSETCATALOG_COMPILER_APPICON_NAME = AppIcon;
				ASSETCATALOG_COMPILER_GLOBAL_ACCENT_COLOR_NAME = AccentColor;
				CODE_SIGN_ENTITLEMENTS = MeetingRobot/MeetingRobot.entitlements;
				CODE_SIGN_STYLE = Automatic;
				COMBINE_HIDPI_IMAGES = YES;
				CURRENT_PROJECT_VERSION = 1;
				ENABLE_APP_SANDBOX = NO;
				ENABLE_PREVIEWS = YES;
				ENABLE_USER_SELECTED_FILES = readonly;
				GENERATE_INFOPLIST_FILE = YES;
				INFOPLIST_KEY_NSCalendarsUsageDescription = "MeetingRobot needs calendar access to alert you before meetings.";
				INFOPLIST_KEY_NSHumanReadableCopyright = "";
				LD_RUNPATH_SEARCH_PATHS = (
					"$(inherited)",
					"@executable_path/../Frameworks",
				);
				MARKETING_VERSION = 1.0;
				PRODUCT_BUNDLE_IDENTIFIER = com.pk.MeetingRobot;
				PRODUCT_NAME = "$(TARGET_NAME)";
				REGISTER_APP_GROUPS = YES;
				STRING_CATALOG_GENERATE_SYMBOLS = YES;
				SWIFT_APPROACHABLE_CONCURRENCY = YES;
				SWIFT_DEFAULT_ACTOR_ISOLATION = MainActor;
				SWIFT_EMIT_LOC_STRINGS = YES;
				SWIFT_UPCOMING_FEATURE_MEMBER_IMPORT_VISIBILITY = YES;
				SWIFT_VERSION = 5.0;
			};
			name = Release;
		};
		858F774C2FC8934500517186 /* Debug */ = {
			isa = XCBuildConfiguration;
			buildSettings = {
				ASSETCATALOG_COMPILER_APPICON_NAME = AppIcon;
				ASSETCATALOG_COMPILER_GLOBAL_ACCENT_COLOR_NAME = AccentColor;
				CODE_SIGN_ENTITLEMENTS = MeetingRobot/MeetingRobot.entitlements;
				CODE_SIGN_STYLE = Automatic;
				COMBINE_HIDPI_IMAGES = YES;
				CURRENT_PROJECT_VERSION = 1;
				ENABLE_APP_SANDBOX = NO;
				ENABLE_PREVIEWS = YES;
				ENABLE_USER_SELECTED_FILES = readonly;
				GENERATE_INFOPLIST_FILE = YES;
				INFOPLIST_KEY_NSCalendarsUsageDescription = "MeetingRobot needs calendar access to alert you before meetings.";
				INFOPLIST_KEY_NSHumanReadableCopyright = "";
				LD_RUNPATH_SEARCH_PATHS = (
					"$(inherited)",
					"@executable_path/../Frameworks",
				);
				MARKETING_VERSION = 1.0;
				PRODUCT_BUNDLE_IDENTIFIER = com.pk.MeetingRobot;
				PRODUCT_NAME = "$(TARGET_NAME)";
				REGISTER_APP_GROUPS = YES;
				STRING_CATALOG_GENERATE_SYMBOLS = YES;
				SWIFT_APPROACHABLE_CONCURRENCY = YES;
				SWIFT_DEFAULT_ACTOR_ISOLATION = MainActor;
				SWIFT_EMIT_LOC_STRINGS = YES;
				SWIFT_UPCOMING_FEATURE_MEMBER_IMPORT_VISIBILITY = YES;
				SWIFT_VERSION = 5.0;
			};
			name = Debug;
		};
		858F774D2FC8934500517186 /* Release */ = {
			isa = XCBuildConfiguration;
			buildSettings = {
				ASSETCATALOG_COMPILER_APPICON_NAME = AppIcon;
				ASSETCATALOG_COMPILER_GLOBAL_ACCENT_COLOR_NAME = AccentColor;
				CODE_SIGN_ENTITLEMENTS = MeetingRobot/MeetingRobot.entitlements;
				CODE_SIGN_STYLE = Automatic;
				COMBINE_HIDPI_IMAGES = YES;
				CURRENT_PROJECT_VERSION = 1;
				ENABLE_APP_SANDBOX = NO;
				ENABLE_PREVIEWS = YES;
				ENABLE_USER_SELECTED_FILES = readonly;
				GENERATE_INFOPLIST_FILE = YES;
				INFOPLIST_KEY_NSCalendarsUsageDescription = "MeetingRobot needs calendar access to alert you before meetings.";
				INFOPLIST_KEY_NSHumanReadableCopyright = "";
				LD_RUNPATH_SEARCH_PATHS = (
					"$(inherited)",
					"@executable_path/../Frameworks",
				);
				MARKETING_VERSION = 1.0;
				PRODUCT_BUNDLE_IDENTIFIER = com.pk.MeetingRobot;
				PRODUCT_NAME = "$(TARGET_NAME)";
				REGISTER_APP_GROUPS = YES;
				STRING_CATALOG_GENERATE_SYMBOLS = YES;
				SWIFT_APPROACHABLE_CONCURRENCY = YES;
				SWIFT_DEFAULT_ACTOR_ISOLATION = MainActor;
				SWIFT_EMIT_LOC_STRINGS = YES;
				SWIFT_UPCOMING_FEATURE_MEMBER_IMPORT_VISIBILITY = YES;
				SWIFT_VERSION = 5.0;
			};
			name = Release;
		};
/* End XCBuildConfiguration section */

/* Begin XCConfigurationList section */
		85679F842FC76A190054E80E /* Build configuration list for PBXProject "MeetingRobot" */ = {
			isa = XCConfigurationList;
			buildConfigurations = (
				85679F922FC76A1B0054E80E /* Debug */,
				85679F932FC76A1B0054E80E /* Release */,
			);
			defaultConfigurationIsVisible = 0;
			defaultConfigurationName = Release;
		};
		85679F942FC76A1B0054E80E /* Build configuration list for PBXNativeTarget "MeetingRobot" */ = {
			isa = XCConfigurationList;
			buildConfigurations = (
				85679F952FC76A1B0054E80E /* Debug */,
				85679F962FC76A1B0054E80E /* Release */,
			);
			defaultConfigurationIsVisible = 0;
			defaultConfigurationName = Release;
		};
		858F774B2FC8934500517186 /* Build configuration list for PBXNativeTarget "MeetingRobot copy" */ = {
			isa = XCConfigurationList;
			buildConfigurations = (
				858F774C2FC8934500517186 /* Debug */,
				858F774D2FC8934500517186 /* Release */,
			);
			defaultConfigurationIsVisible = 0;
			defaultConfigurationName = Release;
		};
/* End XCConfigurationList section */

/* Begin XCRemoteSwiftPackageReference section */
		858F77362FC8934500517186 /* XCRemoteSwiftPackageReference "lottie-spm" */ = {
			isa = XCRemoteSwiftPackageReference;
			repositoryURL = "https://github.com/airbnb/lottie-spm";
			requirement = {
				kind = upToNextMajorVersion;
				minimumVersion = 4.4.0;
			};
		};
		AA0001112FC76A190054E80E /* XCRemoteSwiftPackageReference "lottie-spm" */ = {
			isa = XCRemoteSwiftPackageReference;
			repositoryURL = "https://github.com/airbnb/lottie-spm";
			requirement = {
				kind = upToNextMajorVersion;
				minimumVersion = 4.4.0;
			};
		};
/* End XCRemoteSwiftPackageReference section */

/* Begin XCSwiftPackageProductDependency section */
		858F77352FC8934500517186 /* Lottie */ = {
			isa = XCSwiftPackageProductDependency;
			package = 858F77362FC8934500517186 /* XCRemoteSwiftPackageReference "lottie-spm" */;
			productName = Lottie;
		};
		AA0002222FC76A190054E80E /* Lottie */ = {
			isa = XCSwiftPackageProductDependency;
			package = AA0001112FC76A190054E80E /* XCRemoteSwiftPackageReference "lottie-spm" */;
			productName = Lottie;
		};
/* End XCSwiftPackageProductDependency section */
	};
	rootObject = 85679F812FC76A190054E80E /* Project object */;
}
